
Microsoft Visual Studio Solution File, Format Version 12.00
Project("{FAE04EC0-301F-11D3-BF4B-00C04F79EFBC}") = "Carpe diem", "Carpe diem\Carpe diem.csproj", "{65BE5172-6808-496B-A1FD-A4B265FB44B1}"
EndProject
Global
	GlobalSection(SolutionConfigurationPlatforms) = preSolution
		Debug|Any CPU = Debug|Any CPU
		Release|Any CPU = Release|Any CPU
	EndGlobalSection
	GlobalSection(ProjectConfigurationPlatforms) = postSolution
		{65BE5172-6808-496B-A1FD-A4B265FB44B1}.Debug|Any CPU.ActiveCfg = Debug|Any CPU
		{65BE5172-6808-496B-A1FD-A4B265FB44B1}.Debug|Any CPU.Build.0 = Debug|Any CPU
		{65BE5172-6808-496B-A1FD-A4B265FB44B1}.Release|Any CPU.ActiveCfg = Release|Any CPU
		{65BE5172-6808-496B-A1FD-A4B265FB44B1}.Release|Any CPU.Build.0 = Release|Any CPU
	EndGlobalSection
EndGlobal
